// !$*UTF8*$!
{
	archiveVersion = 1;
	classes = {
	};
	objectVersion = 50;
	objects = {

/* Begin PBXBuildFile section */
		555C085E24414D8F00E036A4 /* ground.cpp in Sources */ = {isa = PBXBuildFile; fileRef = 555C085C24414D8F00E036A4 /* ground.cpp */; };
		556FA5D0243A6D6A0050055F /* main.cpp in Sources */ = {isa = PBXBuildFile; fileRef = 556FA5CF243A6D6A0050055F /* main.cpp */; };
		556FA5FC243A73580050055F /* Camera.cpp in Sources */ = {isa = PBXBuildFile; fileRef = 556FA5ED243A73570050055F /* Camera.cpp */; };
		556FA5FD243A73580050055F /* Cube.cpp in Sources */ = {isa = PBXBuildFile; fileRef = 556FA5EF243A73570050055F /* Cube.cpp */; };
		556FA5FE243A73580050055F /* Window.cpp in Sources */ = {isa = PBXBuildFile; fileRef = 556FA5F0243A73570050055F /* Window.cpp */; };
		556FA5FF243A73580050055F /* shader.cpp in Sources */ = {isa = PBXBuildFile; fileRef = 556FA5F1243A73570050055F /* shader.cpp */; };
		556FA600243A73580050055F /* Tokenizer.cpp in Sources */ = {isa = PBXBuildFile; fileRef = 556FA5F4243A73570050055F /* Tokenizer.cpp */; };
		556FA603243A75410050055F /* OpenGL.framework in Frameworks */ = {isa = PBXBuildFile; fileRef = 556FA602243A75410050055F /* OpenGL.framework */; };
		556FA605243A75890050055F /* libglfw.3.3.dylib in Frameworks */ = {isa = PBXBuildFile; fileRef = 556FA604243A75890050055F /* libglfw.3.3.dylib */; };
		556FA606243A75A30050055F /* shader.vert in CopyFiles */ = {isa = PBXBuildFile; fileRef = 556FA5F7243A73580050055F /* shader.vert */; };
		556FA607243A75A30050055F /* shader.frag in CopyFiles */ = {isa = PBXBuildFile; fileRef = 556FA5F8243A73580050055F /* shader.frag */; };
		556FA60A243AA6200050055F /* tetrahedral.cpp in Sources */ = {isa = PBXBuildFile; fileRef = 556FA608243AA6200050055F /* tetrahedral.cpp */; };
		556FA610243BEE740050055F /* Vertice.cpp in Sources */ = {isa = PBXBuildFile; fileRef = 556FA60E243BEE740050055F /* Vertice.cpp */; };
/* End PBXBuildFile section */

/* Begin PBXCopyFilesBuildPhase section */
		556FA5CA243A6D6A0050055F /* CopyFiles */ = {
			isa = PBXCopyFilesBuildPhase;
			buildActionMask = 12;
			dstPath = shaders;
			dstSubfolderSpec = 16;
			files = (
				556FA606243A75A30050055F /* shader.vert in CopyFiles */,
				556FA607243A75A30050055F /* shader.frag in CopyFiles */,
			);
			runOnlyForDeploymentPostprocessing = 0;
		};
/* End PBXCopyFilesBuildPhase section */

/* Begin PBXFileReference section */
		555C085C24414D8F00E036A4 /* ground.cpp */ = {isa = PBXFileReference; lastKnownFileType = sourcecode.cpp.cpp; path = ground.cpp; sourceTree = "<group>"; };
		555C085D24414D8F00E036A4 /* ground.hpp */ = {isa = PBXFileReference; lastKnownFileType = sourcecode.cpp.h; path = ground.hpp; sourceTree = "<group>"; };
		556FA5CC243A6D6A0050055F /* 291hw1 */ = {isa = PBXFileReference; explicitFileType = "compiled.mach-o.executable"; includeInIndex = 0; path = 291hw1; sourceTree = BUILT_PRODUCTS_DIR; };
		556FA5CF243A6D6A0050055F /* main.cpp */ = {isa = PBXFileReference; lastKnownFileType = sourcecode.cpp.cpp; path = main.cpp; sourceTree = "<group>"; };
		556FA5ED243A73570050055F /* Camera.cpp */ = {isa = PBXFileReference; fileEncoding = 4; lastKnownFileType = sourcecode.cpp.cpp; path = Camera.cpp; sourceTree = "<group>"; };
		556FA5EE243A73570050055F /* main.h */ = {isa = PBXFileReference; fileEncoding = 4; lastKnownFileType = sourcecode.c.h; path = main.h; sourceTree = "<group>"; };
		556FA5EF243A73570050055F /* Cube.cpp */ = {isa = PBXFileReference; fileEncoding = 4; lastKnownFileType = sourcecode.cpp.cpp; path = Cube.cpp; sourceTree = "<group>"; };
		556FA5F0243A73570050055F /* Window.cpp */ = {isa = PBXFileReference; fileEncoding = 4; lastKnownFileType = sourcecode.cpp.cpp; path = Window.cpp; sourceTree = "<group>"; };
		556FA5F1243A73570050055F /* shader.cpp */ = {isa = PBXFileReference; fileEncoding = 4; lastKnownFileType = sourcecode.cpp.cpp; path = shader.cpp; sourceTree = "<group>"; };
		556FA5F2243A73570050055F /* Cube.h */ = {isa = PBXFileReference; fileEncoding = 4; lastKnownFileType = sourcecode.c.h; path = Cube.h; sourceTree = "<group>"; };
		556FA5F3243A73570050055F /* Window.h */ = {isa = PBXFileReference; fileEncoding = 4; lastKnownFileType = sourcecode.c.h; path = Window.h; sourceTree = "<group>"; };
		556FA5F4243A73570050055F /* Tokenizer.cpp */ = {isa = PBXFileReference; fileEncoding = 4; lastKnownFileType = sourcecode.cpp.cpp; path = Tokenizer.cpp; sourceTree = "<group>"; };
		556FA5F5243A73570050055F /* Camera.h */ = {isa = PBXFileReference; fileEncoding = 4; lastKnownFileType = sourcecode.c.h; path = Camera.h; sourceTree = "<group>"; };
		556FA5F7243A73580050055F /* shader.vert */ = {isa = PBXFileReference; fileEncoding = 4; lastKnownFileType = sourcecode.glsl; path = shader.vert; sourceTree = "<group>"; };
		556FA5F8243A73580050055F /* shader.frag */ = {isa = PBXFileReference; fileEncoding = 4; lastKnownFileType = sourcecode.glsl; path = shader.frag; sourceTree = "<group>"; };
		556FA5F9243A73580050055F /* Tokenizer.h */ = {isa = PBXFileReference; fileEncoding = 4; lastKnownFileType = sourcecode.c.h; path = Tokenizer.h; sourceTree = "<group>"; };
		556FA5FA243A73580050055F /* shader.h */ = {isa = PBXFileReference; fileEncoding = 4; lastKnownFileType = sourcecode.c.h; path = shader.h; sourceTree = "<group>"; };
		556FA5FB243A73580050055F /* core.h */ = {isa = PBXFileReference; fileEncoding = 4; lastKnownFileType = sourcecode.c.h; path = core.h; sourceTree = "<group>"; };
		556FA602243A75410050055F /* OpenGL.framework */ = {isa = PBXFileReference; lastKnownFileType = wrapper.framework; name = OpenGL.framework; path = System/Library/Frameworks/OpenGL.framework; sourceTree = SDKROOT; };
		556FA604243A75890050055F /* libglfw.3.3.dylib */ = {isa = PBXFileReference; lastKnownFileType = "compiled.mach-o.dylib"; name = libglfw.3.3.dylib; path = ../../../../../../../usr/local/Cellar/glfw/3.3.1/lib/libglfw.3.3.dylib; sourceTree = "<group>"; };
		556FA608243AA6200050055F /* tetrahedral.cpp */ = {isa = PBXFileReference; lastKnownFileType = sourcecode.cpp.cpp; path = tetrahedral.cpp; sourceTree = "<group>"; };
		556FA609243AA6200050055F /* tetrahedral.hpp */ = {isa = PBXFileReference; lastKnownFileType = sourcecode.cpp.h; path = tetrahedral.hpp; sourceTree = "<group>"; };
		556FA60E243BEE740050055F /* Vertice.cpp */ = {isa = PBXFileReference; lastKnownFileType = sourcecode.cpp.cpp; path = Vertice.cpp; sourceTree = "<group>"; };
		556FA60F243BEE740050055F /* Vertice.hpp */ = {isa = PBXFileReference; lastKnownFileType = sourcecode.cpp.h; path = Vertice.hpp; sourceTree = "<group>"; };
/* End PBXFileReference section */

/* Begin PBXFrameworksBuildPhase section */
		556FA5C9243A6D6A0050055F /* Frameworks */ = {
			isa = PBXFrameworksBuildPhase;
			buildActionMask = 2147483647;
			files = (
				556FA605243A75890050055F /* libglfw.3.3.dylib in Frameworks */,
				556FA603243A75410050055F /* OpenGL.framework in Frameworks */,
			);
			runOnlyForDeploymentPostprocessing = 0;
		};
/* End PBXFrameworksBuildPhase section */

/* Begin PBXGroup section */
		556FA5C3243A6D6A0050055F = {
			isa = PBXGroup;
			children = (
				556FA5CE243A6D6A0050055F /* 291hw1 */,
				556FA5CD243A6D6A0050055F /* Products */,
				556FA601243A75410050055F /* Frameworks */,
			);
			sourceTree = "<group>";
		};
		556FA5CD243A6D6A0050055F /* Products */ = {
			isa = PBXGroup;
			children = (
				556FA5CC243A6D6A0050055F /* 291hw1 */,
			);
			name = Products;
			sourceTree = "<group>";
		};
		556FA5CE243A6D6A0050055F /* 291hw1 */ = {
			isa = PBXGroup;
			children = (
				556FA5ED243A73570050055F /* Camera.cpp */,
				556FA5F5243A73570050055F /* Camera.h */,
				556FA5FB243A73580050055F /* core.h */,
				556FA5EF243A73570050055F /* Cube.cpp */,
				556FA5F2243A73570050055F /* Cube.h */,
				556FA5EE243A73570050055F /* main.h */,
				556FA5F1243A73570050055F /* shader.cpp */,
				556FA5FA243A73580050055F /* shader.h */,
				556FA5F6243A73580050055F /* shaders */,
				556FA5F4243A73570050055F /* Tokenizer.cpp */,
				556FA5F9243A73580050055F /* Tokenizer.h */,
				556FA5F0243A73570050055F /* Window.cpp */,
				556FA5F3243A73570050055F /* Window.h */,
				556FA5CF243A6D6A0050055F /* main.cpp */,
				556FA608243AA6200050055F /* tetrahedral.cpp */,
				556FA609243AA6200050055F /* tetrahedral.hpp */,
				556FA60E243BEE740050055F /* Vertice.cpp */,
				556FA60F243BEE740050055F /* Vertice.hpp */,
				555C085C24414D8F00E036A4 /* ground.cpp */,
				555C085D24414D8F00E036A4 /* ground.hpp */,
			);
			path = 291hw1;
			sourceTree = "<group>";
		};
		556FA5F6243A73580050055F /* shaders */ = {
			isa = PBXGroup;
			children = (
				556FA5F7243A73580050055F /* shader.vert */,
				556FA5F8243A73580050055F /* shader.frag */,
			);
			path = shaders;
			sourceTree = "<group>";
		};
		556FA601243A75410050055F /* Frameworks */ = {
			isa = PBXGroup;
			children = (
				556FA604243A75890050055F /* libglfw.3.3.dylib */,
				556FA602243A75410050055F /* OpenGL.framework */,
			);
			name = Frameworks;
			sourceTree = "<group>";
		};
/* End PBXGroup section */

/* Begin PBXNativeTarget section */
		556FA5CB243A6D6A0050055F /* 291hw1 */ = {
			isa = PBXNativeTarget;
			buildConfigurationList = 556FA5D3243A6D6A0050055F /* Build configuration list for PBXNativeTarget "291hw1" */;
			buildPhases = (
				556FA5C8243A6D6A0050055F /* Sources */,
				556FA5C9243A6D6A0050055F /* Frameworks */,
				556FA5CA243A6D6A0050055F /* CopyFiles */,
			);
			buildRules = (
			);
			dependencies = (
			);
			name = 291hw1;
			productName = 291hw1;
			productReference = 556FA5CC243A6D6A0050055F /* 291hw1 */;
			productType = "com.apple.product-type.tool";
		};
/* End PBXNativeTarget section */

/* Begin PBXProject section */
		556FA5C4243A6D6A0050055F /* Project object */ = {
			isa = PBXProject;
			attributes = {
				LastUpgradeCheck = 1030;
				ORGANIZATIONNAME = ChiuChiuKwan;
				TargetAttributes = {
					556FA5CB243A6D6A0050055F = {
						CreatedOnToolsVersion = 10.3;
					};
				};
			};
			buildConfigurationList = 556FA5C7243A6D6A0050055F /* Build configuration list for PBXProject "291hw1" */;
			compatibilityVersion = "Xcode 9.3";
			developmentRegion = en;
			hasScannedForEncodings = 0;
			knownRegions = (
				en,
			);
			mainGroup = 556FA5C3243A6D6A0050055F;
			productRefGroup = 556FA5CD243A6D6A0050055F /* Products */;
			projectDirPath = "";
			projectRoot = "";
			targets = (
				556FA5CB243A6D6A0050055F /* 291hw1 */,
			);
		};
/* End PBXProject section */

/* Begin PBXSourcesBuildPhase section */
		556FA5C8243A6D6A0050055F /* Sources */ = {
			isa = PBXSourcesBuildPhase;
			buildActionMask = 2147483647;
			files = (
				555C085E24414D8F00E036A4 /* ground.cpp in Sources */,
				556FA60A243AA6200050055F /* tetrahedral.cpp in Sources */,
				556FA5FF243A73580050055F /* shader.cpp in Sources */,
				556FA5FD243A73580050055F /* Cube.cpp in Sources */,
				556FA5FC243A73580050055F /* Camera.cpp in Sources */,
				556FA600243A73580050055F /* Tokenizer.cpp in Sources */,
				556FA5D0243A6D6A0050055F /* main.cpp in Sources */,
				556FA610243BEE740050055F /* Vertice.cpp in Sources */,
				556FA5FE243A73580050055F /* Window.cpp in Sources */,
			);
			runOnlyForDeploymentPostprocessing = 0;
		};
/* End PBXSourcesBuildPhase section */

/* Begin XCBuildConfiguration section */
		556FA5D1243A6D6A0050055F /* Debug */ = {
			isa = XCBuildConfiguration;
			buildSettings = {
				ALWAYS_SEARCH_USER_PATHS = NO;
				CLANG_ANALYZER_NONNULL = YES;
				CLANG_ANALYZER_NUMBER_OBJECT_CONVERSION = YES_AGGRESSIVE;
				CLANG_CXX_LANGUAGE_STANDARD = "gnu++14";
				CLANG_CXX_LIBRARY = "libc++";
				CLANG_ENABLE_MODULES = YES;
				CLANG_ENABLE_OBJC_ARC = YES;
				CLANG_ENABLE_OBJC_WEAK = YES;
				CLANG_WARN_BLOCK_CAPTURE_AUTORELEASING = YES;
				CLANG_WARN_BOOL_CONVERSION = YES;
				CLANG_WARN_COMMA = YES;
				CLANG_WARN_CONSTANT_CONVERSION = YES;
				CLANG_WARN_DEPRECATED_OBJC_IMPLEMENTATIONS = YES;
				CLANG_WARN_DIRECT_OBJC_ISA_USAGE = YES_ERROR;
				CLANG_WARN_DOCUMENTATION_COMMENTS = YES;
				CLANG_WARN_EMPTY_BODY = YES;
				CLANG_WARN_ENUM_CONVERSION = YES;
				CLANG_WARN_INFINITE_RECURSION = YES;
				CLANG_WARN_INT_CONVERSION = YES;
				CLANG_WARN_NON_LITERAL_NULL_CONVERSION = YES;
				CLANG_WARN_OBJC_IMPLICIT_RETAIN_SELF = YES;
				CLANG_WARN_OBJC_LITERAL_CONVERSION = YES;
				CLANG_WARN_OBJC_ROOT_CLASS = YES_ERROR;
				CLANG_WARN_RANGE_LOOP_ANALYSIS = YES;
				CLANG_WARN_STRICT_PROTOTYPES = YES;
				CLANG_WARN_SUSPICIOUS_MOVE = YES;
				CLANG_WARN_UNGUARDED_AVAILABILITY = YES_AGGRESSIVE;
				CLANG_WARN_UNREACHABLE_CODE = YES;
				CLANG_WARN__DUPLICATE_METHOD_MATCH = YES;
				CODE_SIGN_IDENTITY = "-";
				COPY_PHASE_STRIP = NO;
				DEBUG_INFORMATION_FORMAT = dwarf;
				ENABLE_STRICT_OBJC_MSGSEND = YES;
				ENABLE_TESTABILITY = YES;
				GCC_C_LANGUAGE_STANDARD = gnu11;
				GCC_DYNAMIC_NO_PIC = NO;
				GCC_NO_COMMON_BLOCKS = YES;
				GCC_OPTIMIZATION_LEVEL = 0;
				GCC_PREPROCESSOR_DEFINITIONS = (
					"DEBUG=1",
					"$(inherited)",
				);
				GCC_WARN_64_TO_32_BIT_CONVERSION = YES;
				GCC_WARN_ABOUT_RETURN_TYPE = YES_ERROR;
				GCC_WARN_UNDECLARED_SELECTOR = YES;
				GCC_WARN_UNINITIALIZED_AUTOS = YES_AGGRESSIVE;
				GCC_WARN_UNUSED_FUNCTION = YES;
				GCC_WARN_UNUSED_VARIABLE = YES;
				MACOSX_DEPLOYMENT_TARGET = 10.14;
				MTL_ENABLE_DEBUG_INFO = INCLUDE_SOURCE;
				MTL_FAST_MATH = YES;
				ONLY_ACTIVE_ARCH = YES;
				SDKROOT = macosx;
			};
			name = Debug;
		};
		556FA5D2243A6D6A0050055F /* Release */ = {
			isa = XCBuildConfiguration;
			buildSettings = {
				ALWAYS_SEARCH_USER_PATHS = NO;
				CLANG_ANALYZER_NONNULL = YES;
				CLANG_ANALYZER_NUMBER_OBJECT_CONVERSION = YES_AGGRESSIVE;
				CLANG_CXX_LANGUAGE_STANDARD = "gnu++14";
				CLANG_CXX_LIBRARY = "libc++";
				CLANG_ENABLE_MODULES = YES;
				CLANG_ENABLE_OBJC_ARC = YES;
				CLANG_ENABLE_OBJC_WEAK = YES;
				CLANG_WARN_BLOCK_CAPTURE_AUTORELEASING = YES;
				CLANG_WARN_BOOL_CONVERSION = YES;
				CLANG_WARN_COMMA = YES;
				CLANG_WARN_CONSTANT_CONVERSION = YES;
				CLANG_WARN_DEPRECATED_OBJC_IMPLEMENTATIONS = YES;
				CLANG_WARN_DIRECT_OBJC_ISA_USAGE = YES_ERROR;
				CLANG_WARN_DOCUMENTATION_COMMENTS = YES;
				CLANG_WARN_EMPTY_BODY = YES;
				CLANG_WARN_ENUM_CONVERSION = YES;
				CLANG_WARN_INFINITE_RECURSION = YES;
				CLANG_WARN_INT_CONVERSION = YES;
				CLANG_WARN_NON_LITERAL_NULL_CONVERSION = YES;
				CLANG_WARN_OBJC_IMPLICIT_RETAIN_SELF = YES;
				CLANG_WARN_OBJC_LITERAL_CONVERSION = YES;
				CLANG_WARN_OBJC_ROOT_CLASS = YES_ERROR;
				CLANG_WARN_RANGE_LOOP_ANALYSIS = YES;
				CLANG_WARN_STRICT_PROTOTYPES = YES;
				CLANG_WARN_SUSPICIOUS_MOVE = YES;
				CLANG_WARN_UNGUARDED_AVAILABILITY = YES_AGGRESSIVE;
				CLANG_WARN_UNREACHABLE_CODE = YES;
				CLANG_WARN__DUPLICATE_METHOD_MATCH = YES;
				CODE_SIGN_IDENTITY = "-";
				COPY_PHASE_STRIP = NO;
				DEBUG_INFORMATION_FORMAT = "dwarf-with-dsym";
				ENABLE_NS_ASSERTIONS = NO;
				ENABLE_STRICT_OBJC_MSGSEND = YES;
				GCC_C_LANGUAGE_STANDARD = gnu11;
				GCC_NO_COMMON_BLOCKS = YES;
				GCC_WARN_64_TO_32_BIT_CONVERSION = YES;
				GCC_WARN_ABOUT_RETURN_TYPE = YES_ERROR;
				GCC_WARN_UNDECLARED_SELECTOR = YES;
				GCC_WARN_UNINITIALIZED_AUTOS = YES_AGGRESSIVE;
				GCC_WARN_UNUSED_FUNCTION = YES;
				GCC_WARN_UNUSED_VARIABLE = YES;
				MACOSX_DEPLOYMENT_TARGET = 10.14;
				MTL_ENABLE_DEBUG_INFO = NO;
				MTL_FAST_MATH = YES;
				SDKROOT = macosx;
			};
			name = Release;
		};
		556FA5D4243A6D6A0050055F /* Debug */ = {
			isa = XCBuildConfiguration;
			buildSettings = {
				CODE_SIGN_STYLE = Automatic;
				HEADER_SEARCH_PATHS = /usr/local/include;
				LIBRARY_SEARCH_PATHS = (
					/usr/local/lib,
					/usr/local/Cellar/glfw/3.3.1/lib,
				);
				PRODUCT_NAME = "$(TARGET_NAME)";
			};
			name = Debug;
		};
		556FA5D5243A6D6A0050055F /* Release */ = {
			isa = XCBuildConfiguration;
			buildSettings = {
				CODE_SIGN_STYLE = Automatic;
				HEADER_SEARCH_PATHS = /usr/local/include;
				LIBRARY_SEARCH_PATHS = (
					/usr/local/lib,
					/usr/local/Cellar/glfw/3.3.1/lib,
				);
				PRODUCT_NAME = "$(TARGET_NAME)";
			};
			name = Release;
		};
/* End XCBuildConfiguration section */

/* Begin XCConfigurationList section */
		556FA5C7243A6D6A0050055F /* Build configuration list for PBXProject "291hw1" */ = {
			isa = XCConfigurationList;
			buildConfigurations = (
				556FA5D1243A6D6A0050055F /* Debug */,
				556FA5D2243A6D6A0050055F /* Release */,
			);
			defaultConfigurationIsVisible = 0;
			defaultConfigurationName = Release;
		};
		556FA5D3243A6D6A0050055F /* Build configuration list for PBXNativeTarget "291hw1" */ = {
			isa = XCConfigurationList;
			buildConfigurations = (
				556FA5D4243A6D6A0050055F /* Debug */,
				556FA5D5243A6D6A0050055F /* Release */,
			);
			defaultConfigurationIsVisible = 0;
			defaultConfigurationName = Release;
		};
/* End XCConfigurationList section */
	};
	rootObject = 556FA5C4243A6D6A0050055F /* Project object */;
}
